
Microsoft Visual Studio Solution File, Format Version 12.00
# Visual Studio Version 17
VisualStudioVersion = 17.11.35327.3
MinimumVisualStudioVersion = 10.0.40219.1
Project("{FAE04EC0-301F-11D3-BF4B-00C04F79EFBC}") = "PROJOP_AP", "PROJOP_AP.csproj", "{B89F6238-D087-4204-AE85-E8FED276D71A}"
EndProject
Global
	GlobalSection(SolutionConfigurationPlatforms) = preSolution
		Debug|Any CPU = Debug|Any CPU
		Release|Any CPU = Release|Any CPU
	EndGlobalSection
	GlobalSection(ProjectConfigurationPlatforms) = postSolution
		{B89F6238-D087-4204-AE85-E8FED276D71A}.Debug|Any CPU.ActiveCfg = Debug|Any CPU
		{B89F6238-D087-4204-AE85-E8FED276D71A}.Debug|Any CPU.Build.0 = Debug|Any CPU
		{B89F6238-D087-4204-AE85-E8FED276D71A}.Release|Any CPU.ActiveCfg = Release|Any CPU
		{B89F6238-D087-4204-AE85-E8FED276D71A}.Release|Any CPU.Build.0 = Release|Any CPU
	EndGlobalSection
	GlobalSection(SolutionProperties) = preSolution
		HideSolutionNode = FALSE
	EndGlobalSection
	GlobalSection(ExtensibilityGlobals) = postSolution
		SolutionGuid = {4DF341D4-71D1-43D4-AD5A-5027590721C1}
	EndGlobalSection
EndGlobal
